
Microsoft Visual Studio Solution File, Format Version 12.00
# Visual Studio Version 16
VisualStudioVersion = 16.0.29806.167
MinimumVisualStudioVersion = 10.0.40219.1
Project("{9A19103F-16F7-4668-BE54-9A1E7A4F7556}") = "TradeCube-Services", "src\TradeCube-Services\TradeCube-Services.csproj", "{32D9C477-270B-4443-B7F9-F5D5C6603701}"
EndProject
Project("{9A19103F-16F7-4668-BE54-9A1E7A4F7556}") = "Equias", "src\Equias\Equias.csproj", "{786B48C1-7D7E-404B-8311-F1BD40A96528}"
EndProject
Project("{9A19103F-16F7-4668-BE54-9A1E7A4F7556}") = "Shared", "src\Shared\Shared.csproj", "{9B957CBD-6BC1-4113-AB7A-2D3A4284AD9B}"
EndProject
Project("{9A19103F-16F7-4668-BE54-9A1E7A4F7556}") = "TradeCube-ServicesTests", "test\TradeCube-ServicesTests\TradeCube-ServicesTests.csproj", "{76C2E8D1-FBBE-4DB7-B8D5-7BBDEF306968}"
EndProject
Project("{FAE04EC0-301F-11D3-BF4B-00C04F79EFBC}") = "Fidectus", "Fidectus\Fidectus.csproj", "{9B6788DD-5F4B-4BF0-9DF6-3289A3725989}"
EndProject
Global
	GlobalSection(SolutionConfigurationPlatforms) = preSolution
		Debug|Any CPU = Debug|Any CPU
		Release|Any CPU = Release|Any CPU
	EndGlobalSection
	GlobalSection(ProjectConfigurationPlatforms) = postSolution
		{32D9C477-270B-4443-B7F9-F5D5C6603701}.Debug|Any CPU.ActiveCfg = Debug|Any CPU
		{32D9C477-270B-4443-B7F9-F5D5C6603701}.Debug|Any CPU.Build.0 = Debug|Any CPU
		{32D9C477-270B-4443-B7F9-F5D5C6603701}.Release|Any CPU.ActiveCfg = Release|Any CPU
		{32D9C477-270B-4443-B7F9-F5D5C6603701}.Release|Any CPU.Build.0 = Release|Any CPU
		{786B48C1-7D7E-404B-8311-F1BD40A96528}.Debug|Any CPU.ActiveCfg = Debug|Any CPU
		{786B48C1-7D7E-404B-8311-F1BD40A96528}.Debug|Any CPU.Build.0 = Debug|Any CPU
		{786B48C1-7D7E-404B-8311-F1BD40A96528}.Release|Any CPU.ActiveCfg = Release|Any CPU
		{786B48C1-7D7E-404B-8311-F1BD40A96528}.Release|Any CPU.Build.0 = Release|Any CPU
		{9B957CBD-6BC1-4113-AB7A-2D3A4284AD9B}.Debug|Any CPU.ActiveCfg = Debug|Any CPU
		{9B957CBD-6BC1-4113-AB7A-2D3A4284AD9B}.Debug|Any CPU.Build.0 = Debug|Any CPU
		{9B957CBD-6BC1-4113-AB7A-2D3A4284AD9B}.Release|Any CPU.ActiveCfg = Release|Any CPU
		{9B957CBD-6BC1-4113-AB7A-2D3A4284AD9B}.Release|Any CPU.Build.0 = Release|Any CPU
		{76C2E8D1-FBBE-4DB7-B8D5-7BBDEF306968}.Debug|Any CPU.ActiveCfg = Debug|Any CPU
		{76C2E8D1-FBBE-4DB7-B8D5-7BBDEF306968}.Debug|Any CPU.Build.0 = Debug|Any CPU
		{76C2E8D1-FBBE-4DB7-B8D5-7BBDEF306968}.Release|Any CPU.ActiveCfg = Release|Any CPU
		{76C2E8D1-FBBE-4DB7-B8D5-7BBDEF306968}.Release|Any CPU.Build.0 = Release|Any CPU
		{9B6788DD-5F4B-4BF0-9DF6-3289A3725989}.Debug|Any CPU.ActiveCfg = Debug|Any CPU
		{9B6788DD-5F4B-4BF0-9DF6-3289A3725989}.Debug|Any CPU.Build.0 = Debug|Any CPU
		{9B6788DD-5F4B-4BF0-9DF6-3289A3725989}.Release|Any CPU.ActiveCfg = Release|Any CPU
		{9B6788DD-5F4B-4BF0-9DF6-3289A3725989}.Release|Any CPU.Build.0 = Release|Any CPU
	EndGlobalSection
	GlobalSection(SolutionProperties) = preSolution
		HideSolutionNode = FALSE
	EndGlobalSection
	GlobalSection(ExtensibilityGlobals) = postSolution
		SolutionGuid = {EB83589A-E426-4128-B091-9956229A53BD}
	EndGlobalSection
EndGlobal
