
Microsoft Visual Studio Solution File, Format Version 12.00
Project("{FAE04EC0-301F-11D3-BF4B-00C04F79EFBC}") = "TradeCube-Services", "src\TradeCube-Services\TradeCube-Services.csproj", "{9006216E-3895-48B0-9F55-E08A5E94BE0A}"
EndProject
Project("{FAE04EC0-301F-11D3-BF4B-00C04F79EFBC}") = "Enegen", "src\Enegen\Enegen.csproj", "{8259DE12-3383-4A3D-85E0-0B29715C1216}"
EndProject
Project("{FAE04EC0-301F-11D3-BF4B-00C04F79EFBC}") = "Equias", "src\Equias\Equias.csproj", "{9D7FE348-7E63-4ECD-96ED-B83AAD085F84}"
EndProject
Project("{FAE04EC0-301F-11D3-BF4B-00C04F79EFBC}") = "Fidectus", "src\Fidectus\Fidectus.csproj", "{7889F97E-9DD6-4FFF-882C-992D49C67C7C}"
EndProject
Project("{FAE04EC0-301F-11D3-BF4B-00C04F79EFBC}") = "Shared", "src\Shared\Shared.csproj", "{89C71499-7665-42E3-954E-61B51FBDD330}"
EndProject
Project("{FAE04EC0-301F-11D3-BF4B-00C04F79EFBC}") = "TradeCube-ServicesTests", "test\TradeCube-ServicesTests\TradeCube-ServicesTests.csproj", "{F8C3ABD3-FCF6-4495-8CB3-33DBB0CEAD86}"
EndProject
Global
	GlobalSection(SolutionConfigurationPlatforms) = preSolution
		Debug|Any CPU = Debug|Any CPU
		Release|Any CPU = Release|Any CPU
	EndGlobalSection
	GlobalSection(ProjectConfigurationPlatforms) = postSolution
		{9006216E-3895-48B0-9F55-E08A5E94BE0A}.Debug|Any CPU.ActiveCfg = Debug|Any CPU
		{9006216E-3895-48B0-9F55-E08A5E94BE0A}.Debug|Any CPU.Build.0 = Debug|Any CPU
		{9006216E-3895-48B0-9F55-E08A5E94BE0A}.Release|Any CPU.ActiveCfg = Release|Any CPU
		{9006216E-3895-48B0-9F55-E08A5E94BE0A}.Release|Any CPU.Build.0 = Release|Any CPU
		{8259DE12-3383-4A3D-85E0-0B29715C1216}.Debug|Any CPU.ActiveCfg = Debug|Any CPU
		{8259DE12-3383-4A3D-85E0-0B29715C1216}.Debug|Any CPU.Build.0 = Debug|Any CPU
		{8259DE12-3383-4A3D-85E0-0B29715C1216}.Release|Any CPU.ActiveCfg = Release|Any CPU
		{8259DE12-3383-4A3D-85E0-0B29715C1216}.Release|Any CPU.Build.0 = Release|Any CPU
		{9D7FE348-7E63-4ECD-96ED-B83AAD085F84}.Debug|Any CPU.ActiveCfg = Debug|Any CPU
		{9D7FE348-7E63-4ECD-96ED-B83AAD085F84}.Debug|Any CPU.Build.0 = Debug|Any CPU
		{9D7FE348-7E63-4ECD-96ED-B83AAD085F84}.Release|Any CPU.ActiveCfg = Release|Any CPU
		{9D7FE348-7E63-4ECD-96ED-B83AAD085F84}.Release|Any CPU.Build.0 = Release|Any CPU
		{7889F97E-9DD6-4FFF-882C-992D49C67C7C}.Debug|Any CPU.ActiveCfg = Debug|Any CPU
		{7889F97E-9DD6-4FFF-882C-992D49C67C7C}.Debug|Any CPU.Build.0 = Debug|Any CPU
		{7889F97E-9DD6-4FFF-882C-992D49C67C7C}.Release|Any CPU.ActiveCfg = Release|Any CPU
		{7889F97E-9DD6-4FFF-882C-992D49C67C7C}.Release|Any CPU.Build.0 = Release|Any CPU
		{89C71499-7665-42E3-954E-61B51FBDD330}.Debug|Any CPU.ActiveCfg = Debug|Any CPU
		{89C71499-7665-42E3-954E-61B51FBDD330}.Debug|Any CPU.Build.0 = Debug|Any CPU
		{89C71499-7665-42E3-954E-61B51FBDD330}.Release|Any CPU.ActiveCfg = Release|Any CPU
		{89C71499-7665-42E3-954E-61B51FBDD330}.Release|Any CPU.Build.0 = Release|Any CPU
		{F8C3ABD3-FCF6-4495-8CB3-33DBB0CEAD86}.Debug|Any CPU.ActiveCfg = Debug|Any CPU
		{F8C3ABD3-FCF6-4495-8CB3-33DBB0CEAD86}.Debug|Any CPU.Build.0 = Debug|Any CPU
		{F8C3ABD3-FCF6-4495-8CB3-33DBB0CEAD86}.Release|Any CPU.ActiveCfg = Release|Any CPU
		{F8C3ABD3-FCF6-4495-8CB3-33DBB0CEAD86}.Release|Any CPU.Build.0 = Release|Any CPU
	EndGlobalSection
EndGlobal
